
Microsoft Visual Studio Solution File, Format Version 12.00
# Visual Studio 14
VisualStudioVersion = 14.0.25420.1
MinimumVisualStudioVersion = 10.0.40219.1
Project("{F184B08F-C81C-45F6-A57F-5ABD9991F28F}") = "RfcClient", "RfcClient\RfcClient.vbproj", "{B0CEAACD-A2F9-47EF-803B-A003C39ADC6F}"
EndProject
Project("{2150E333-8FDC-42A3-9474-1A3956D46DE8}") = "Solution Items", "Solution Items", "{6A3E3025-265B-4ACC-B4F5-847CBC7BC345}"
	ProjectSection(SolutionItems) = preProject
		README.md = README.md
	EndProjectSection
EndProject
Project("{F184B08F-C81C-45F6-A57F-5ABD9991F28F}") = "TableReader", "TableReader\TableReader.vbproj", "{46947CF1-30DA-4481-9DE9-01B9A310F6B2}"
EndProject
Project("{F184B08F-C81C-45F6-A57F-5ABD9991F28F}") = "RfcServer", "RfcServer\RfcServer.vbproj", "{D9A70CDC-CD7E-4D7A-B185-1585927DBEE1}"
EndProject
Global
	GlobalSection(SolutionConfigurationPlatforms) = preSolution
		Debug|Any CPU = Debug|Any CPU
		Release|Any CPU = Release|Any CPU
	EndGlobalSection
	GlobalSection(ProjectConfigurationPlatforms) = postSolution
		{B0CEAACD-A2F9-47EF-803B-A003C39ADC6F}.Debug|Any CPU.ActiveCfg = Debug|Any CPU
		{B0CEAACD-A2F9-47EF-803B-A003C39ADC6F}.Debug|Any CPU.Build.0 = Debug|Any CPU
		{B0CEAACD-A2F9-47EF-803B-A003C39ADC6F}.Release|Any CPU.ActiveCfg = Release|Any CPU
		{B0CEAACD-A2F9-47EF-803B-A003C39ADC6F}.Release|Any CPU.Build.0 = Release|Any CPU
		{46947CF1-30DA-4481-9DE9-01B9A310F6B2}.Debug|Any CPU.ActiveCfg = Debug|Any CPU
		{46947CF1-30DA-4481-9DE9-01B9A310F6B2}.Debug|Any CPU.Build.0 = Debug|Any CPU
		{46947CF1-30DA-4481-9DE9-01B9A310F6B2}.Release|Any CPU.ActiveCfg = Release|Any CPU
		{46947CF1-30DA-4481-9DE9-01B9A310F6B2}.Release|Any CPU.Build.0 = Release|Any CPU
		{D9A70CDC-CD7E-4D7A-B185-1585927DBEE1}.Debug|Any CPU.ActiveCfg = Debug|Any CPU
		{D9A70CDC-CD7E-4D7A-B185-1585927DBEE1}.Debug|Any CPU.Build.0 = Debug|Any CPU
		{D9A70CDC-CD7E-4D7A-B185-1585927DBEE1}.Release|Any CPU.ActiveCfg = Release|Any CPU
		{D9A70CDC-CD7E-4D7A-B185-1585927DBEE1}.Release|Any CPU.Build.0 = Release|Any CPU
	EndGlobalSection
	GlobalSection(SolutionProperties) = preSolution
		HideSolutionNode = FALSE
	EndGlobalSection
EndGlobal
